
Microsoft Visual Studio Solution File, Format Version 12.00
# Visual Studio Version 17
VisualStudioVersion = 17.14.36414.22 d17.14
MinimumVisualStudioVersion = 10.0.40219.1
Project("{FAE04EC0-301F-11D3-BF4B-00C04F79EFBC}") = "ClientCertificate", "ClientCertificate\ClientCertificate.csproj", "{F1A10E3F-85A4-8B5E-2A7F-82AA2628FBA1}"
EndProject
Project("{FAE04EC0-301F-11D3-BF4B-00C04F79EFBC}") = "ClientSecret", "ClientSecret\ClientSecret.csproj", "{1D4420D7-DC14-AC70-253E-750ED6F596A6}"
EndProject
Project("{FAE04EC0-301F-11D3-BF4B-00C04F79EFBC}") = "AuthorizationCode", "AuthorizationCode\AuthorizationCode.csproj", "{A72169DB-94ED-C293-24DF-0FD5B0E2E52E}"
EndProject
Global
	GlobalSection(SolutionConfigurationPlatforms) = preSolution
		Debug|Any CPU = Debug|Any CPU
		Release|Any CPU = Release|Any CPU
	EndGlobalSection
	GlobalSection(ProjectConfigurationPlatforms) = postSolution
		{F1A10E3F-85A4-8B5E-2A7F-82AA2628FBA1}.Debug|Any CPU.ActiveCfg = Debug|Any CPU
		{F1A10E3F-85A4-8B5E-2A7F-82AA2628FBA1}.Debug|Any CPU.Build.0 = Debug|Any CPU
		{F1A10E3F-85A4-8B5E-2A7F-82AA2628FBA1}.Release|Any CPU.ActiveCfg = Release|Any CPU
		{F1A10E3F-85A4-8B5E-2A7F-82AA2628FBA1}.Release|Any CPU.Build.0 = Release|Any CPU
		{1D4420D7-DC14-AC70-253E-750ED6F596A6}.Debug|Any CPU.ActiveCfg = Debug|Any CPU
		{1D4420D7-DC14-AC70-253E-750ED6F596A6}.Debug|Any CPU.Build.0 = Debug|Any CPU
		{1D4420D7-DC14-AC70-253E-750ED6F596A6}.Release|Any CPU.ActiveCfg = Release|Any CPU
		{1D4420D7-DC14-AC70-253E-750ED6F596A6}.Release|Any CPU.Build.0 = Release|Any CPU
		{A72169DB-94ED-C293-24DF-0FD5B0E2E52E}.Debug|Any CPU.ActiveCfg = Debug|Any CPU
		{A72169DB-94ED-C293-24DF-0FD5B0E2E52E}.Debug|Any CPU.Build.0 = Debug|Any CPU
		{A72169DB-94ED-C293-24DF-0FD5B0E2E52E}.Release|Any CPU.ActiveCfg = Release|Any CPU
		{A72169DB-94ED-C293-24DF-0FD5B0E2E52E}.Release|Any CPU.Build.0 = Release|Any CPU
	EndGlobalSection
	GlobalSection(SolutionProperties) = preSolution
		HideSolutionNode = FALSE
	EndGlobalSection
	GlobalSection(ExtensibilityGlobals) = postSolution
		SolutionGuid = {FD80819C-6EB5-498D-9D2F-4B97748CFC49}
	EndGlobalSection
EndGlobal
